
Microsoft Visual Studio Solution File, Format Version 12.00
# Visual Studio Version 17
VisualStudioVersion = 17.9.34622.214
MinimumVisualStudioVersion = 10.0.40219.1
Project("{FAE04EC0-301F-11D3-BF4B-00C04F79EFBC}") = "AspNetCoreMvc-eTicaret-MovieSales", "AspNetCoreMvc-eTicaret-MovieSales\AspNetCoreMvc-eTicaret-MovieSales.csproj", "{4700F486-6DE8-416F-96DF-CFE4447B2EEC}"
EndProject
Global
	GlobalSection(SolutionConfigurationPlatforms) = preSolution
		Debug|Any CPU = Debug|Any CPU
		Release|Any CPU = Release|Any CPU
	EndGlobalSection
	GlobalSection(ProjectConfigurationPlatforms) = postSolution
		{4700F486-6DE8-416F-96DF-CFE4447B2EEC}.Debug|Any CPU.ActiveCfg = Debug|Any CPU
		{4700F486-6DE8-416F-96DF-CFE4447B2EEC}.Debug|Any CPU.Build.0 = Debug|Any CPU
		{4700F486-6DE8-416F-96DF-CFE4447B2EEC}.Release|Any CPU.ActiveCfg = Release|Any CPU
		{4700F486-6DE8-416F-96DF-CFE4447B2EEC}.Release|Any CPU.Build.0 = Release|Any CPU
	EndGlobalSection
	GlobalSection(SolutionProperties) = preSolution
		HideSolutionNode = FALSE
	EndGlobalSection
	GlobalSection(ExtensibilityGlobals) = postSolution
		SolutionGuid = {CFE1D144-09F4-4B30-AB0C-7F050E72E175}
	EndGlobalSection
EndGlobal
